PODS:
  - Alamofire (4.9.1)
  - EmptyDataSet-Swift (5.0.0)
  - HandyJSON (5.0.1)
  - HMSegmentedControl (1.5.6)
  - IQKeyboardManagerSwift (6.5.5)
  - Kingfisher (4.10.1)
  - MBProgressHUD (1.2.0)
  - MJRefresh (3.4.3)
  - Moya (13.0.1):
    - Moya/Core (= 13.0.1)
  - Moya/Core (13.0.1):
    - Alamofire (~> 4.1)
    - Result (~> 4.1)
  - Result (4.1.0)
  - Reusable (4.1.1):
    - Reusable/Storyboard (= 4.1.1)
    - Reusable/View (= 4.1.1)
  - Reusable/Storyboard (4.1.1)
  - Reusable/View (4.1.1)
  - SnapKit (4.2.0)
  - SnapKitExtend (1.0.7):
    - SnapKit
  - Then (2.6.0)
  - UINavigation-SXFixSpace (1.2.4)

DEPENDENCIES:
  - EmptyDataSet-Swift
  - HandyJSON
  - HMSegmentedControl
  - IQKeyboardManagerSwift
  - Kingfisher
  - MBProgressHUD
  - MJRefresh
  - Moya
  - Reusable
  - SnapKitExtend
  - Then
  - UINavigation-SXFixSpace

SPEC REPOS:
  trunk:
    - Alamofire
    - EmptyDataSet-Swift
    - HandyJSON
    - HMSegmentedControl
    - IQKeyboardManagerSwift
    - Kingfisher
    - MBProgressHUD
    - MJRefresh
    - Moya
    - Result
    - Reusable
    - SnapKit
    - SnapKitExtend
    - Then
    - UINavigation-SXFixSpace

SPEC CHECKSUMS:
  Alamofire: 85e8a02c69d6020a0d734f6054870d7ecb75cf18
  EmptyDataSet-Swift: eb382c0c87a2d9c678077385a595cec52da38171
  HandyJSON: d45b8415c501e3affc59ca9762c1197ff0feb646
  HMSegmentedControl: 34c1f54d822d8308e7b24f5d901ec674dfa31352
  IQKeyboardManagerSwift: 0fb93310284665245591f50f7a5e38de615960b7
  Kingfisher: c148cd7b47ebde9989f6bc7c27dcaa79d81279a0
  MBProgressHUD: 3ee5efcc380f6a79a7cc9b363dd669c5e1ae7406
  MJRefresh: 53e3e3219f204425ee6d3e62e8733d3295944cd6
  Moya: f4a4b80ff2f8a4ffc208dfb31cd91636622fee6e
  Result: bd966fac789cc6c1563440b348ab2598cc24d5c7
  Reusable: 53a9acf5c536f229b31b5865782414b508252ddb
  SnapKit: fe8a619752f3f27075cc9a90244d75c6c3f27e2a
  SnapKitExtend: 00ee4db6d1f80bee01a1e75745f2a6ae695ba662
  Then: 90cd104fd951cec1980a03f57704ad8f784d4d79
  UINavigation-SXFixSpace: 10f223253ebff2ceefa26694e23b7694269763c4

PODFILE CHECKSUM: b4c6662f92fac8694868c6384e570bd73ef63a24

COCOAPODS: 1.8.4
