// !$*UTF8*$!
{
	archiveVersion = 1;
	classes = {
	};
	objectVersion = 51;
	objects = {

/* Begin PBXBuildFile section */
		4DCB9388061B539D50EBA2C1 /* Pods_U17.framework in Frameworks */ = {isa = PBXBuildFile; fileRef = D896B883C482121C4CF9E938 /* Pods_U17.framework */; };
		503CBE1E247239AE009FA12D /* LICENSE in Resources */ = {isa = PBXBuildFile; fileRef = 503CBE12247239AE009FA12D /* LICENSE */; };
		503CBE1F247239AE009FA12D /* README.md in Resources */ = {isa = PBXBuildFile; fileRef = 503CBE13247239AE009FA12D /* README.md */; };
		503CBE20247239AE009FA12D /* LLViewExtensions.swift in Sources */ = {isa = PBXBuildFile; fileRef = 503CBE16247239AE009FA12D /* LLViewExtensions.swift */; };
		503CBE21247239AE009FA12D /* LLPillPageControl.swift in Sources */ = {isa = PBXBuildFile; fileRef = 503CBE17247239AE009FA12D /* LLPillPageControl.swift */; };
		503CBE22247239AE009FA12D /* LLCycleScrollView.swift in Sources */ = {isa = PBXBuildFile; fileRef = 503CBE18247239AE009FA12D /* LLCycleScrollView.swift */; };
		503CBE23247239AE009FA12D /* LLSnakePageControl.swift in Sources */ = {isa = PBXBuildFile; fileRef = 503CBE19247239AE009FA12D /* LLSnakePageControl.swift */; };
		503CBE24247239AE009FA12D /* LLCycleScrollViewCell.swift in Sources */ = {isa = PBXBuildFile; fileRef = 503CBE1A247239AE009FA12D /* LLCycleScrollViewCell.swift */; };
		503CBE25247239AE009FA12D /* LLFilledPageControl.swift in Sources */ = {isa = PBXBuildFile; fileRef = 503CBE1B247239AE009FA12D /* LLFilledPageControl.swift */; };
		503CBE26247239AE009FA12D /* LLImagePageControl.swift in Sources */ = {isa = PBXBuildFile; fileRef = 503CBE1C247239AE009FA12D /* LLImagePageControl.swift */; };
		503CBE27247239AE009FA12D /* LLCycleScrollView.bundle in Resources */ = {isa = PBXBuildFile; fileRef = 503CBE1D247239AE009FA12D /* LLCycleScrollView.bundle */; };
		503CBE2924724CDE009FA12D /* FindNavView.swift in Sources */ = {isa = PBXBuildFile; fileRef = 503CBE2824724CDE009FA12D /* FindNavView.swift */; };
		503CBE2C24728A6A009FA12D /* ComicIntroVC.swift in Sources */ = {isa = PBXBuildFile; fileRef = 503CBE2B24728A6A009FA12D /* ComicIntroVC.swift */; };
		503CBE2E24728A9B009FA12D /* ComicIntroVC.storyboard in Resources */ = {isa = PBXBuildFile; fileRef = 503CBE2D24728A9B009FA12D /* ComicIntroVC.storyboard */; };
		504EFC28246E737800EB46C9 /* ComicCollectionHeaderView.swift in Sources */ = {isa = PBXBuildFile; fileRef = 504EFC26246E737700EB46C9 /* ComicCollectionHeaderView.swift */; };
		504EFC29246E737800EB46C9 /* ComicCollectionFooterView.swift in Sources */ = {isa = PBXBuildFile; fileRef = 504EFC27246E737700EB46C9 /* ComicCollectionFooterView.swift */; };
		504EFC2B246E73E500EB46C9 /* BaseTableViewCell.swift in Sources */ = {isa = PBXBuildFile; fileRef = 504EFC2A246E73E500EB46C9 /* BaseTableViewCell.swift */; };
		504EFC2D246E73EA00EB46C9 /* BaseTableViewHeaderFooterView.swift in Sources */ = {isa = PBXBuildFile; fileRef = 504EFC2C246E73E900EB46C9 /* BaseTableViewHeaderFooterView.swift */; };
		504EFC2F246E747E00EB46C9 /* BaseCollectionReusableView.swift in Sources */ = {isa = PBXBuildFile; fileRef = 504EFC2E246E747D00EB46C9 /* BaseCollectionReusableView.swift */; };
		5074F822247678E400AF4427 /* AuthorComicListVC.swift in Sources */ = {isa = PBXBuildFile; fileRef = 5074F821247678E400AF4427 /* AuthorComicListVC.swift */; };
		5074F826247685BB00AF4427 /* OtherWorksCollectionViewCell.swift in Sources */ = {isa = PBXBuildFile; fileRef = 5074F825247685BB00AF4427 /* OtherWorksCollectionViewCell.swift */; };
		5075473824777343002C00A9 /* WebViewController.swift in Sources */ = {isa = PBXBuildFile; fileRef = 5075473724777343002C00A9 /* WebViewController.swift */; };
		507547422477869A002C00A9 /* AllChapterVC.swift in Sources */ = {isa = PBXBuildFile; fileRef = 507547412477869A002C00A9 /* AllChapterVC.swift */; };
		50754744247786C0002C00A9 /* AllChapterVC.storyboard in Resources */ = {isa = PBXBuildFile; fileRef = 50754743247786C0002C00A9 /* AllChapterVC.storyboard */; };
		507547462477873A002C00A9 /* ChapterCell.swift in Sources */ = {isa = PBXBuildFile; fileRef = 507547452477873A002C00A9 /* ChapterCell.swift */; };
		5075474A2477BE3B002C00A9 /* ChapterCell.xib in Resources */ = {isa = PBXBuildFile; fileRef = 507547492477BE3B002C00A9 /* ChapterCell.xib */; };
		508521B7246E386C004DC6B4 /* SegmentMainController.swift in Sources */ = {isa = PBXBuildFile; fileRef = 508521B6246E386C004DC6B4 /* SegmentMainController.swift */; };
		508521BD246E3A2C004DC6B4 /* BookCollectionVC.swift in Sources */ = {isa = PBXBuildFile; fileRef = 508521BC246E3A2C004DC6B4 /* BookCollectionVC.swift */; };
		508521BF246E3A44004DC6B4 /* BookListVC.swift in Sources */ = {isa = PBXBuildFile; fileRef = 508521BE246E3A44004DC6B4 /* BookListVC.swift */; };
		508521C1246E3A58004DC6B4 /* ReadHistoryVC.swift in Sources */ = {isa = PBXBuildFile; fileRef = 508521C0246E3A58004DC6B4 /* ReadHistoryVC.swift */; };
		508521C3246E3A6C004DC6B4 /* DownloadVC.swift in Sources */ = {isa = PBXBuildFile; fileRef = 508521C2246E3A6C004DC6B4 /* DownloadVC.swift */; };
		508521C7246E48CB004DC6B4 /* BoardCollectionViewCell.swift in Sources */ = {isa = PBXBuildFile; fileRef = 508521C5246E48CB004DC6B4 /* BoardCollectionViewCell.swift */; };
		508521C8246E48CB004DC6B4 /* ComicCollectionViewCell.swift in Sources */ = {isa = PBXBuildFile; fileRef = 508521C6246E48CB004DC6B4 /* ComicCollectionViewCell.swift */; };
		50C3B28F246D494300D65162 /* CommunityVC.swift in Sources */ = {isa = PBXBuildFile; fileRef = 50C3B28E246D494300D65162 /* CommunityVC.swift */; };
		50EE1D75246BEC7100C4CF28 /* AppDelegate.swift in Sources */ = {isa = PBXBuildFile; fileRef = 50EE1D74246BEC7100C4CF28 /* AppDelegate.swift */; };
		50EE1D7E246BEC7300C4CF28 /* Assets.xcassets in Resources */ = {isa = PBXBuildFile; fileRef = 50EE1D7D246BEC7300C4CF28 /* Assets.xcassets */; };
		50EE1D81246BEC7300C4CF28 /* LaunchScreen.storyboard in Resources */ = {isa = PBXBuildFile; fileRef = 50EE1D7F246BEC7300C4CF28 /* LaunchScreen.storyboard */; };
		50EE1D8B246BEDB000C4CF28 /* TabBarController.swift in Sources */ = {isa = PBXBuildFile; fileRef = 50EE1D8A246BEDB000C4CF28 /* TabBarController.swift */; };
		50EE1D8E246BF24600C4CF28 /* NaviController.swift in Sources */ = {isa = PBXBuildFile; fileRef = 50EE1D8D246BF24600C4CF28 /* NaviController.swift */; };
		50EE1DAA246BF35300C4CF28 /* UCollectionViewAlignedLayout.swift in Sources */ = {isa = PBXBuildFile; fileRef = 50EE1D92246BF35300C4CF28 /* UCollectionViewAlignedLayout.swift */; };
		50EE1DAB246BF35300C4CF28 /* UCollectionViewSectionBackgroundLayout.swift in Sources */ = {isa = PBXBuildFile; fileRef = 50EE1D93246BF35300C4CF28 /* UCollectionViewSectionBackgroundLayout.swift */; };
		50EE1DAC246BF35300C4CF28 /* UNoticeBar.swift in Sources */ = {isa = PBXBuildFile; fileRef = 50EE1D95246BF35300C4CF28 /* UNoticeBar.swift */; };
		50EE1DAD246BF35300C4CF28 /* UHairPowder.swift in Sources */ = {isa = PBXBuildFile; fileRef = 50EE1D97246BF35300C4CF28 /* UHairPowder.swift */; };
		50EE1DAE246BF35300C4CF28 /* ParallaxHeaderMode.swift in Sources */ = {isa = PBXBuildFile; fileRef = 50EE1D99246BF35300C4CF28 /* ParallaxHeaderMode.swift */; };
		50EE1DAF246BF35300C4CF28 /* UIScrollView+ParallaxHeader.swift in Sources */ = {isa = PBXBuildFile; fileRef = 50EE1D9A246BF35300C4CF28 /* UIScrollView+ParallaxHeader.swift */; };
		50EE1DB0246BF35300C4CF28 /* ParallaxHeader.swift in Sources */ = {isa = PBXBuildFile; fileRef = 50EE1D9B246BF35300C4CF28 /* ParallaxHeader.swift */; };
		50EE1DB1246BF35300C4CF28 /* URefresh.swift in Sources */ = {isa = PBXBuildFile; fileRef = 50EE1D9D246BF35300C4CF28 /* URefresh.swift */; };
		50EE1DB2246BF35300C4CF28 /* ArrayExtensions.swift in Sources */ = {isa = PBXBuildFile; fileRef = 50EE1D9F246BF35300C4CF28 /* ArrayExtensions.swift */; };
		50EE1DB3246BF35300C4CF28 /* UIColorExtension.swift in Sources */ = {isa = PBXBuildFile; fileRef = 50EE1DA0246BF35300C4CF28 /* UIColorExtension.swift */; };
		50EE1DB4246BF35300C4CF28 /* UIViewExtension.swift in Sources */ = {isa = PBXBuildFile; fileRef = 50EE1DA1246BF35300C4CF28 /* UIViewExtension.swift */; };
		50EE1DB5246BF35300C4CF28 /* UIBarButtonItemExtension.swift in Sources */ = {isa = PBXBuildFile; fileRef = 50EE1DA2246BF35300C4CF28 /* UIBarButtonItemExtension.swift */; };
		50EE1DB6246BF35300C4CF28 /* UIDeviceExtension.swift in Sources */ = {isa = PBXBuildFile; fileRef = 50EE1DA3246BF35300C4CF28 /* UIDeviceExtension.swift */; };
		50EE1DB7246BF35300C4CF28 /* UIImageExtensions.swift in Sources */ = {isa = PBXBuildFile; fileRef = 50EE1DA4246BF35300C4CF28 /* UIImageExtensions.swift */; };
		50EE1DB8246BF35300C4CF28 /* DispatchQueueExtension.swift in Sources */ = {isa = PBXBuildFile; fileRef = 50EE1DA5246BF35300C4CF28 /* DispatchQueueExtension.swift */; };
		50EE1DB9246BF35300C4CF28 /* StringExtension.swift in Sources */ = {isa = PBXBuildFile; fileRef = 50EE1DA6246BF35300C4CF28 /* StringExtension.swift */; };
		50EE1DBA246BF35300C4CF28 /* DictionaryExtension.swift in Sources */ = {isa = PBXBuildFile; fileRef = 50EE1DA7246BF35300C4CF28 /* DictionaryExtension.swift */; };
		50EE1DBB246BF35300C4CF28 /* UEmptyDataSet.swift in Sources */ = {isa = PBXBuildFile; fileRef = 50EE1DA9246BF35300C4CF28 /* UEmptyDataSet.swift */; };
		50EE1DC1246CD46A00C4CF28 /* HomeVC.swift in Sources */ = {isa = PBXBuildFile; fileRef = 50EE1DC0246CD46A00C4CF28 /* HomeVC.swift */; };
		50EE1DC5246CD4A100C4CF28 /* BookrackVC.swift in Sources */ = {isa = PBXBuildFile; fileRef = 50EE1DC4246CD4A100C4CF28 /* BookrackVC.swift */; };
		50EE1DC7246CD4AA00C4CF28 /* MineVC.swift in Sources */ = {isa = PBXBuildFile; fileRef = 50EE1DC6246CD4AA00C4CF28 /* MineVC.swift */; };
		50EE1DC9246CD6D700C4CF28 /* Global.swift in Sources */ = {isa = PBXBuildFile; fileRef = 50EE1DC8246CD6D700C4CF28 /* Global.swift */; };
		50EE1DCB246CD98600C4CF28 /* Main.storyboard in Resources */ = {isa = PBXBuildFile; fileRef = 50EE1DCA246CD98600C4CF28 /* Main.storyboard */; };
		50EE1DCD246CD9A400C4CF28 /* ViewController.swift in Sources */ = {isa = PBXBuildFile; fileRef = 50EE1DCC246CD9A400C4CF28 /* ViewController.swift */; };
		50EE1DCF246CE84E00C4CF28 /* BaseController.swift in Sources */ = {isa = PBXBuildFile; fileRef = 50EE1DCE246CE84E00C4CF28 /* BaseController.swift */; };
		50EE1DD2246CEC1300C4CF28 /* API.swift in Sources */ = {isa = PBXBuildFile; fileRef = 50EE1DD1246CEC1300C4CF28 /* API.swift */; };
		50EE1DD5246CEC6400C4CF28 /* Model.swift in Sources */ = {isa = PBXBuildFile; fileRef = 50EE1DD4246CEC6400C4CF28 /* Model.swift */; };
		50EE1DD8246D22A800C4CF28 /* MineHeaderView.swift in Sources */ = {isa = PBXBuildFile; fileRef = 50EE1DD7246D22A800C4CF28 /* MineHeaderView.swift */; };
		50EE1DDB246D257A00C4CF28 /* BaseCollectionViewCell.swift in Sources */ = {isa = PBXBuildFile; fileRef = 50EE1DDA246D257A00C4CF28 /* BaseCollectionViewCell.swift */; };
		50EE1DDD246D25E900C4CF28 /* MineCollectionViewCell.swift in Sources */ = {isa = PBXBuildFile; fileRef = 50EE1DDC246D25E900C4CF28 /* MineCollectionViewCell.swift */; };
		50EE263E247B69E900F1979D /* ReadTopBarView.swift in Sources */ = {isa = PBXBuildFile; fileRef = 50EE263D247B69E900F1979D /* ReadTopBarView.swift */; };
		50EE2640247B6A0200F1979D /* ReadBottomBarView.swift in Sources */ = {isa = PBXBuildFile; fileRef = 50EE263F247B6A0200F1979D /* ReadBottomBarView.swift */; };
		50EE2642247B6BE700F1979D /* ReadCollectionViewCell.swift in Sources */ = {isa = PBXBuildFile; fileRef = 50EE2641247B6BE700F1979D /* ReadCollectionViewCell.swift */; };
		50EE2646247B6C9A00F1979D /* ReadComicVC.swift in Sources */ = {isa = PBXBuildFile; fileRef = 50EE2645247B6C9A00F1979D /* ReadComicVC.swift */; };
/* End PBXBuildFile section */

/* Begin PBXFileReference section */
		503CBE12247239AE009FA12D /* LICENSE */ = {isa = PBXFileReference; fileEncoding = 4; lastKnownFileType = text; path = LICENSE; sourceTree = "<group>"; };
		503CBE13247239AE009FA12D /* README.md */ = {isa = PBXFileReference; fileEncoding = 4; lastKnownFileType = net.daringfireball.markdown; path = README.md; sourceTree = "<group>"; };
		503CBE16247239AE009FA12D /* LLViewExtensions.swift */ = {isa = PBXFileReference; fileEncoding = 4; lastKnownFileType = sourcecode.swift; path = LLViewExtensions.swift; sourceTree = "<group>"; };
		503CBE17247239AE009FA12D /* LLPillPageControl.swift */ = {isa = PBXFileReference; fileEncoding = 4; lastKnownFileType = sourcecode.swift; path = LLPillPageControl.swift; sourceTree = "<group>"; };
		503CBE18247239AE009FA12D /* LLCycleScrollView.swift */ = {isa = PBXFileReference; fileEncoding = 4; lastKnownFileType = sourcecode.swift; path = LLCycleScrollView.swift; sourceTree = "<group>"; };
		503CBE19247239AE009FA12D /* LLSnakePageControl.swift */ = {isa = PBXFileReference; fileEncoding = 4; lastKnownFileType = sourcecode.swift; path = LLSnakePageControl.swift; sourceTree = "<group>"; };
		503CBE1A247239AE009FA12D /* LLCycleScrollViewCell.swift */ = {isa = PBXFileReference; fileEncoding = 4; lastKnownFileType = sourcecode.swift; path = LLCycleScrollViewCell.swift; sourceTree = "<group>"; };
		503CBE1B247239AE009FA12D /* LLFilledPageControl.swift */ = {isa = PBXFileReference; fileEncoding = 4; lastKnownFileType = sourcecode.swift; path = LLFilledPageControl.swift; sourceTree = "<group>"; };
		503CBE1C247239AE009FA12D /* LLImagePageControl.swift */ = {isa = PBXFileReference; fileEncoding = 4; lastKnownFileType = sourcecode.swift; path = LLImagePageControl.swift; sourceTree = "<group>"; };
		503CBE1D247239AE009FA12D /* LLCycleScrollView.bundle */ = {isa = PBXFileReference; lastKnownFileType = "wrapper.plug-in"; path = LLCycleScrollView.bundle; sourceTree = "<group>"; };
		503CBE2824724CDE009FA12D /* FindNavView.swift */ = {isa = PBXFileReference; lastKnownFileType = sourcecode.swift; path = FindNavView.swift; sourceTree = "<group>"; };
		503CBE2B24728A6A009FA12D /* ComicIntroVC.swift */ = {isa = PBXFileReference; lastKnownFileType = sourcecode.swift; path = ComicIntroVC.swift; sourceTree = "<group>"; };
		503CBE2D24728A9B009FA12D /* ComicIntroVC.storyboard */ = {isa = PBXFileReference; lastKnownFileType = file.storyboard; path = ComicIntroVC.storyboard; sourceTree = "<group>"; };
		504EFC26246E737700EB46C9 /* ComicCollectionHeaderView.swift */ = {isa = PBXFileReference; fileEncoding = 4; lastKnownFileType = sourcecode.swift; path = ComicCollectionHeaderView.swift; sourceTree = "<group>"; };
		504EFC27246E737700EB46C9 /* ComicCollectionFooterView.swift */ = {isa = PBXFileReference; fileEncoding = 4; lastKnownFileType = sourcecode.swift; path = ComicCollectionFooterView.swift; sourceTree = "<group>"; };
		504EFC2A246E73E500EB46C9 /* BaseTableViewCell.swift */ = {isa = PBXFileReference; fileEncoding = 4; lastKnownFileType = sourcecode.swift; path = BaseTableViewCell.swift; sourceTree = "<group>"; };
		504EFC2C246E73E900EB46C9 /* BaseTableViewHeaderFooterView.swift */ = {isa = PBXFileReference; fileEncoding = 4; lastKnownFileType = sourcecode.swift; path = BaseTableViewHeaderFooterView.swift; sourceTree = "<group>"; };
		504EFC2E246E747D00EB46C9 /* BaseCollectionReusableView.swift */ = {isa = PBXFileReference; fileEncoding = 4; lastKnownFileType = sourcecode.swift; path = BaseCollectionReusableView.swift; sourceTree = "<group>"; };
		5074F821247678E400AF4427 /* AuthorComicListVC.swift */ = {isa = PBXFileReference; lastKnownFileType = sourcecode.swift; path = AuthorComicListVC.swift; sourceTree = "<group>"; };
		5074F825247685BB00AF4427 /* OtherWorksCollectionViewCell.swift */ = {isa = PBXFileReference; lastKnownFileType = sourcecode.swift; path = OtherWorksCollectionViewCell.swift; sourceTree = "<group>"; };
		5075473724777343002C00A9 /* WebViewController.swift */ = {isa = PBXFileReference; lastKnownFileType = sourcecode.swift; path = WebViewController.swift; sourceTree = "<group>"; };
		507547412477869A002C00A9 /* AllChapterVC.swift */ = {isa = PBXFileReference; lastKnownFileType = sourcecode.swift; path = AllChapterVC.swift; sourceTree = "<group>"; };
		50754743247786C0002C00A9 /* AllChapterVC.storyboard */ = {isa = PBXFileReference; lastKnownFileType = file.storyboard; path = AllChapterVC.storyboard; sourceTree = "<group>"; };
		507547452477873A002C00A9 /* ChapterCell.swift */ = {isa = PBXFileReference; lastKnownFileType = sourcecode.swift; path = ChapterCell.swift; sourceTree = "<group>"; };
		507547492477BE3B002C00A9 /* ChapterCell.xib */ = {isa = PBXFileReference; lastKnownFileType = file.xib; path = ChapterCell.xib; sourceTree = "<group>"; };
		508521B6246E386C004DC6B4 /* SegmentMainController.swift */ = {isa = PBXFileReference; lastKnownFileType = sourcecode.swift; path = SegmentMainController.swift; sourceTree = "<group>"; };
		508521BC246E3A2C004DC6B4 /* BookCollectionVC.swift */ = {isa = PBXFileReference; lastKnownFileType = sourcecode.swift; path = BookCollectionVC.swift; sourceTree = "<group>"; };
		508521BE246E3A44004DC6B4 /* BookListVC.swift */ = {isa = PBXFileReference; lastKnownFileType = sourcecode.swift; path = BookListVC.swift; sourceTree = "<group>"; };
		508521C0246E3A58004DC6B4 /* ReadHistoryVC.swift */ = {isa = PBXFileReference; lastKnownFileType = sourcecode.swift; path = ReadHistoryVC.swift; sourceTree = "<group>"; };
		508521C2246E3A6C004DC6B4 /* DownloadVC.swift */ = {isa = PBXFileReference; lastKnownFileType = sourcecode.swift; path = DownloadVC.swift; sourceTree = "<group>"; };
		508521C5246E48CB004DC6B4 /* BoardCollectionViewCell.swift */ = {isa = PBXFileReference; fileEncoding = 4; lastKnownFileType = sourcecode.swift; path = BoardCollectionViewCell.swift; sourceTree = "<group>"; };
		508521C6246E48CB004DC6B4 /* ComicCollectionViewCell.swift */ = {isa = PBXFileReference; fileEncoding = 4; lastKnownFileType = sourcecode.swift; path = ComicCollectionViewCell.swift; sourceTree = "<group>"; };
		50C3B28E246D494300D65162 /* CommunityVC.swift */ = {isa = PBXFileReference; lastKnownFileType = sourcecode.swift; path = CommunityVC.swift; sourceTree = "<group>"; };
		50EE1D71246BEC7100C4CF28 /* U17.app */ = {isa = PBXFileReference; explicitFileType = wrapper.application; includeInIndex = 0; path = U17.app; sourceTree = BUILT_PRODUCTS_DIR; };
		50EE1D74246BEC7100C4CF28 /* AppDelegate.swift */ = {isa = PBXFileReference; lastKnownFileType = sourcecode.swift; path = AppDelegate.swift; sourceTree = "<group>"; };
		50EE1D7D246BEC7300C4CF28 /* Assets.xcassets */ = {isa = PBXFileReference; lastKnownFileType = folder.assetcatalog; path = Assets.xcassets; sourceTree = "<group>"; };
		50EE1D80246BEC7300C4CF28 /* Base */ = {isa = PBXFileReference; lastKnownFileType = file.storyboard; name = Base; path = Base.lproj/LaunchScreen.storyboard; sourceTree = "<group>"; };
		50EE1D82246BEC7300C4CF28 /* Info.plist */ = {isa = PBXFileReference; lastKnownFileType = text.plist.xml; path = Info.plist; sourceTree = "<group>"; };
		50EE1D8A246BEDB000C4CF28 /* TabBarController.swift */ = {isa = PBXFileReference; lastKnownFileType = sourcecode.swift; path = TabBarController.swift; sourceTree = "<group>"; };
		50EE1D8D246BF24600C4CF28 /* NaviController.swift */ = {isa = PBXFileReference; lastKnownFileType = sourcecode.swift; path = NaviController.swift; sourceTree = "<group>"; };
		50EE1D92246BF35300C4CF28 /* UCollectionViewAlignedLayout.swift */ = {isa = PBXFileReference; fileEncoding = 4; lastKnownFileType = sourcecode.swift; path = UCollectionViewAlignedLayout.swift; sourceTree = "<group>"; };
		50EE1D93246BF35300C4CF28 /* UCollectionViewSectionBackgroundLayout.swift */ = {isa = PBXFileReference; fileEncoding = 4; lastKnownFileType = sourcecode.swift; path = UCollectionViewSectionBackgroundLayout.swift; sourceTree = "<group>"; };
		50EE1D95246BF35300C4CF28 /* UNoticeBar.swift */ = {isa = PBXFileReference; fileEncoding = 4; lastKnownFileType = sourcecode.swift; path = UNoticeBar.swift; sourceTree = "<group>"; };
		50EE1D97246BF35300C4CF28 /* UHairPowder.swift */ = {isa = PBXFileReference; fileEncoding = 4; lastKnownFileType = sourcecode.swift; path = UHairPowder.swift; sourceTree = "<group>"; };
		50EE1D99246BF35300C4CF28 /* ParallaxHeaderMode.swift */ = {isa = PBXFileReference; fileEncoding = 4; lastKnownFileType = sourcecode.swift; path = ParallaxHeaderMode.swift; sourceTree = "<group>"; };
		50EE1D9A246BF35300C4CF28 /* UIScrollView+ParallaxHeader.swift */ = {isa = PBXFileReference; fileEncoding = 4; lastKnownFileType = sourcecode.swift; path = "UIScrollView+ParallaxHeader.swift"; sourceTree = "<group>"; };
		50EE1D9B246BF35300C4CF28 /* ParallaxHeader.swift */ = {isa = PBXFileReference; fileEncoding = 4; lastKnownFileType = sourcecode.swift; path = ParallaxHeader.swift; sourceTree = "<group>"; };
		50EE1D9D246BF35300C4CF28 /* URefresh.swift */ = {isa = PBXFileReference; fileEncoding = 4; lastKnownFileType = sourcecode.swift; path = URefresh.swift; sourceTree = "<group>"; };
		50EE1D9F246BF35300C4CF28 /* ArrayExtensions.swift */ = {isa = PBXFileReference; fileEncoding = 4; lastKnownFileType = sourcecode.swift; path = ArrayExtensions.swift; sourceTree = "<group>"; };
		50EE1DA0246BF35300C4CF28 /* UIColorExtension.swift */ = {isa = PBXFileReference; fileEncoding = 4; lastKnownFileType = sourcecode.swift; path = UIColorExtension.swift; sourceTree = "<group>"; };
		50EE1DA1246BF35300C4CF28 /* UIViewExtension.swift */ = {isa = PBXFileReference; fileEncoding = 4; lastKnownFileType = sourcecode.swift; path = UIViewExtension.swift; sourceTree = "<group>"; };
		50EE1DA2246BF35300C4CF28 /* UIBarButtonItemExtension.swift */ = {isa = PBXFileReference; fileEncoding = 4; lastKnownFileType = sourcecode.swift; path = UIBarButtonItemExtension.swift; sourceTree = "<group>"; };
		50EE1DA3246BF35300C4CF28 /* UIDeviceExtension.swift */ = {isa = PBXFileReference; fileEncoding = 4; lastKnownFileType = sourcecode.swift; path = UIDeviceExtension.swift; sourceTree = "<group>"; };
		50EE1DA4246BF35300C4CF28 /* UIImageExtensions.swift */ = {isa = PBXFileReference; fileEncoding = 4; lastKnownFileType = sourcecode.swift; path = UIImageExtensions.swift; sourceTree = "<group>"; };
		50EE1DA5246BF35300C4CF28 /* DispatchQueueExtension.swift */ = {isa = PBXFileReference; fileEncoding = 4; lastKnownFileType = sourcecode.swift; path = DispatchQueueExtension.swift; sourceTree = "<group>"; };
		50EE1DA6246BF35300C4CF28 /* StringExtension.swift */ = {isa = PBXFileReference; fileEncoding = 4; lastKnownFileType = sourcecode.swift; path = StringExtension.swift; sourceTree = "<group>"; };
		50EE1DA7246BF35300C4CF28 /* DictionaryExtension.swift */ = {isa = PBXFileReference; fileEncoding = 4; lastKnownFileType = sourcecode.swift; path = DictionaryExtension.swift; sourceTree = "<group>"; };
		50EE1DA9246BF35300C4CF28 /* UEmptyDataSet.swift */ = {isa = PBXFileReference; fileEncoding = 4; lastKnownFileType = sourcecode.swift; path = UEmptyDataSet.swift; sourceTree = "<group>"; };
		50EE1DC0246CD46A00C4CF28 /* HomeVC.swift */ = {isa = PBXFileReference; lastKnownFileType = sourcecode.swift; path = HomeVC.swift; sourceTree = "<group>"; };
		50EE1DC4246CD4A100C4CF28 /* BookrackVC.swift */ = {isa = PBXFileReference; lastKnownFileType = sourcecode.swift; path = BookrackVC.swift; sourceTree = "<group>"; };
		50EE1DC6246CD4AA00C4CF28 /* MineVC.swift */ = {isa = PBXFileReference; lastKnownFileType = sourcecode.swift; path = MineVC.swift; sourceTree = "<group>"; };
		50EE1DC8246CD6D700C4CF28 /* Global.swift */ = {isa = PBXFileReference; lastKnownFileType = sourcecode.swift; path = Global.swift; sourceTree = "<group>"; };
		50EE1DCA246CD98600C4CF28 /* Main.storyboard */ = {isa = PBXFileReference; fileEncoding = 4; lastKnownFileType = file.storyboard; path = Main.storyboard; sourceTree = "<group>"; };
		50EE1DCC246CD9A400C4CF28 /* ViewController.swift */ = {isa = PBXFileReference; fileEncoding = 4; lastKnownFileType = sourcecode.swift; path = ViewController.swift; sourceTree = "<group>"; };
		50EE1DCE246CE84E00C4CF28 /* BaseController.swift */ = {isa = PBXFileReference; lastKnownFileType = sourcecode.swift; path = BaseController.swift; sourceTree = "<group>"; };
		50EE1DD1246CEC1300C4CF28 /* API.swift */ = {isa = PBXFileReference; lastKnownFileType = sourcecode.swift; path = API.swift; sourceTree = "<group>"; };
		50EE1DD4246CEC6400C4CF28 /* Model.swift */ = {isa = PBXFileReference; lastKnownFileType = sourcecode.swift; path = Model.swift; sourceTree = "<group>"; };
		50EE1DD7246D22A800C4CF28 /* MineHeaderView.swift */ = {isa = PBXFileReference; lastKnownFileType = sourcecode.swift; path = MineHeaderView.swift; sourceTree = "<group>"; };
		50EE1DDA246D257A00C4CF28 /* BaseCollectionViewCell.swift */ = {isa = PBXFileReference; lastKnownFileType = sourcecode.swift; path = BaseCollectionViewCell.swift; sourceTree = "<group>"; };
		50EE1DDC246D25E900C4CF28 /* MineCollectionViewCell.swift */ = {isa = PBXFileReference; lastKnownFileType = sourcecode.swift; path = MineCollectionViewCell.swift; sourceTree = "<group>"; };
		50EE263D247B69E900F1979D /* ReadTopBarView.swift */ = {isa = PBXFileReference; lastKnownFileType = sourcecode.swift; path = ReadTopBarView.swift; sourceTree = "<group>"; };
		50EE263F247B6A0200F1979D /* ReadBottomBarView.swift */ = {isa = PBXFileReference; lastKnownFileType = sourcecode.swift; path = ReadBottomBarView.swift; sourceTree = "<group>"; };
		50EE2641247B6BE700F1979D /* ReadCollectionViewCell.swift */ = {isa = PBXFileReference; lastKnownFileType = sourcecode.swift; path = ReadCollectionViewCell.swift; sourceTree = "<group>"; };
		50EE2645247B6C9A00F1979D /* ReadComicVC.swift */ = {isa = PBXFileReference; lastKnownFileType = sourcecode.swift; path = ReadComicVC.swift; sourceTree = "<group>"; };
		5B2E227A6DD40033F5054274 /* Pods-U17.debug.xcconfig */ = {isa = PBXFileReference; includeInIndex = 1; lastKnownFileType = text.xcconfig; name = "Pods-U17.debug.xcconfig"; path = "Target Support Files/Pods-U17/Pods-U17.debug.xcconfig"; sourceTree = "<group>"; };
		B77712A9EC93EA7002B814F1 /* Pods-U17.release.xcconfig */ = {isa = PBXFileReference; includeInIndex = 1; lastKnownFileType = text.xcconfig; name = "Pods-U17.release.xcconfig"; path = "Target Support Files/Pods-U17/Pods-U17.release.xcconfig"; sourceTree = "<group>"; };
		D896B883C482121C4CF9E938 /* Pods_U17.framework */ = {isa = PBXFileReference; explicitFileType = wrapper.framework; includeInIndex = 0; path = Pods_U17.framework; sourceTree = BUILT_PRODUCTS_DIR; };
/* End PBXFileReference section */

/* Begin PBXFrameworksBuildPhase section */
		50EE1D6E246BEC7100C4CF28 /* Frameworks */ = {
			isa = PBXFrameworksBuildPhase;
			buildActionMask = 2147483647;
			files = (
				4DCB9388061B539D50EBA2C1 /* Pods_U17.framework in Frameworks */,
			);
			runOnlyForDeploymentPostprocessing = 0;
		};
/* End PBXFrameworksBuildPhase section */

/* Begin PBXGroup section */
		503CBE11247239AE009FA12D /* LLCycleScrollView */ = {
			isa = PBXGroup;
			children = (
				503CBE12247239AE009FA12D /* LICENSE */,
				503CBE13247239AE009FA12D /* README.md */,
				503CBE14247239AE009FA12D /* Lib */,
			);
			path = LLCycleScrollView;
			sourceTree = "<group>";
		};
		503CBE14247239AE009FA12D /* Lib */ = {
			isa = PBXGroup;
			children = (
				503CBE15247239AE009FA12D /* LLCycleScrollView */,
				503CBE1D247239AE009FA12D /* LLCycleScrollView.bundle */,
			);
			path = Lib;
			sourceTree = "<group>";
		};
		503CBE15247239AE009FA12D /* LLCycleScrollView */ = {
			isa = PBXGroup;
			children = (
				503CBE16247239AE009FA12D /* LLViewExtensions.swift */,
				503CBE17247239AE009FA12D /* LLPillPageControl.swift */,
				503CBE18247239AE009FA12D /* LLCycleScrollView.swift */,
				503CBE19247239AE009FA12D /* LLSnakePageControl.swift */,
				503CBE1A247239AE009FA12D /* LLCycleScrollViewCell.swift */,
				503CBE1B247239AE009FA12D /* LLFilledPageControl.swift */,
				503CBE1C247239AE009FA12D /* LLImagePageControl.swift */,
			);
			path = LLCycleScrollView;
			sourceTree = "<group>";
		};
		503CBE2A24728A19009FA12D /* ComicIntro(漫画介绍) */ = {
			isa = PBXGroup;
			children = (
				503CBE2B24728A6A009FA12D /* ComicIntroVC.swift */,
				503CBE2D24728A9B009FA12D /* ComicIntroVC.storyboard */,
				50EE263B247B69BD00F1979D /* 阅读漫画 */,
				5075473924777B37002C00A9 /* 全部目录 */,
				5074F8232476858500AF4427 /* 其他作品 */,
			);
			path = "ComicIntro(漫画介绍)";
			sourceTree = "<group>";
		};
		5074F8232476858500AF4427 /* 其他作品 */ = {
			isa = PBXGroup;
			children = (
				5074F821247678E400AF4427 /* AuthorComicListVC.swift */,
				5074F8242476859200AF4427 /* View */,
			);
			path = "其他作品";
			sourceTree = "<group>";
		};
		5074F8242476859200AF4427 /* View */ = {
			isa = PBXGroup;
			children = (
				5074F825247685BB00AF4427 /* OtherWorksCollectionViewCell.swift */,
			);
			path = View;
			sourceTree = "<group>";
		};
		5075473924777B37002C00A9 /* 全部目录 */ = {
			isa = PBXGroup;
			children = (
				507547412477869A002C00A9 /* AllChapterVC.swift */,
				50754743247786C0002C00A9 /* AllChapterVC.storyboard */,
				5075473E24778520002C00A9 /* View */,
			);
			path = "全部目录";
			sourceTree = "<group>";
		};
		5075473E24778520002C00A9 /* View */ = {
			isa = PBXGroup;
			children = (
				507547452477873A002C00A9 /* ChapterCell.swift */,
				507547492477BE3B002C00A9 /* ChapterCell.xib */,
			);
			path = View;
			sourceTree = "<group>";
		};
		508521B8246E39FC004DC6B4 /* 收藏 */ = {
			isa = PBXGroup;
			children = (
				508521BC246E3A2C004DC6B4 /* BookCollectionVC.swift */,
			);
			path = "收藏";
			sourceTree = "<group>";
		};
		508521B9246E3A08004DC6B4 /* 书单 */ = {
			isa = PBXGroup;
			children = (
				508521BE246E3A44004DC6B4 /* BookListVC.swift */,
			);
			path = "书单";
			sourceTree = "<group>";
		};
		508521BA246E3A0F004DC6B4 /* 历史 */ = {
			isa = PBXGroup;
			children = (
				508521C0246E3A58004DC6B4 /* ReadHistoryVC.swift */,
			);
			path = "历史";
			sourceTree = "<group>";
		};
		508521BB246E3A13004DC6B4 /* 下载 */ = {
			isa = PBXGroup;
			children = (
				508521C2246E3A6C004DC6B4 /* DownloadVC.swift */,
			);
			path = "下载";
			sourceTree = "<group>";
		};
		508521C4246E48C4004DC6B4 /* View */ = {
			isa = PBXGroup;
			children = (
				508521C6246E48CB004DC6B4 /* ComicCollectionViewCell.swift */,
				508521C5246E48CB004DC6B4 /* BoardCollectionViewCell.swift */,
				504EFC26246E737700EB46C9 /* ComicCollectionHeaderView.swift */,
				504EFC27246E737700EB46C9 /* ComicCollectionFooterView.swift */,
				503CBE2824724CDE009FA12D /* FindNavView.swift */,
			);
			path = View;
			sourceTree = "<group>";
		};
		50EE1D68246BEC7100C4CF28 = {
			isa = PBXGroup;
			children = (
				50EE1D73246BEC7100C4CF28 /* U17 */,
				50EE1D72246BEC7100C4CF28 /* Products */,
				F1C6BA53C3EF72F572315142 /* Pods */,
				71A42435EA1920D41F134FEB /* Frameworks */,
			);
			sourceTree = "<group>";
		};
		50EE1D72246BEC7100C4CF28 /* Products */ = {
			isa = PBXGroup;
			children = (
				50EE1D71246BEC7100C4CF28 /* U17.app */,
			);
			name = Products;
			sourceTree = "<group>";
		};
		50EE1D73246BEC7100C4CF28 /* U17 */ = {
			isa = PBXGroup;
			children = (
				50EE1DD0246CEC0000C4CF28 /* API */,
				50EE1D90246BF31900C4CF28 /* Common */,
				50EE1D89246BED8500C4CF28 /* Controller */,
				50EE1DD3246CEC4E00C4CF28 /* Model */,
				50EE1D88246BEC9500C4CF28 /* Other */,
				50EE1DCA246CD98600C4CF28 /* Main.storyboard */,
				50EE1D7D246BEC7300C4CF28 /* Assets.xcassets */,
				50EE1D7F246BEC7300C4CF28 /* LaunchScreen.storyboard */,
				50EE1D82246BEC7300C4CF28 /* Info.plist */,
			);
			path = U17;
			sourceTree = "<group>";
		};
		50EE1D88246BEC9500C4CF28 /* Other */ = {
			isa = PBXGroup;
			children = (
				50EE1D74246BEC7100C4CF28 /* AppDelegate.swift */,
				50EE1DCC246CD9A400C4CF28 /* ViewController.swift */,
				50EE1DC8246CD6D700C4CF28 /* Global.swift */,
			);
			path = Other;
			sourceTree = "<group>";
		};
		50EE1D89246BED8500C4CF28 /* Controller */ = {
			isa = PBXGroup;
			children = (
				50EE1DBF246CD41500C4CF28 /* Mine */,
				50EE1DBE246CD3E400C4CF28 /* Bookrack */,
				50EE1DBC246CD3B400C4CF28 /* Home */,
				50EE1DBD246CD3C400C4CF28 /* Community */,
				50EE1D8C246BF22000C4CF28 /* Main */,
			);
			path = Controller;
			sourceTree = "<group>";
		};
		50EE1D8C246BF22000C4CF28 /* Main */ = {
			isa = PBXGroup;
			children = (
				50EE1DCE246CE84E00C4CF28 /* BaseController.swift */,
				50EE1D8A246BEDB000C4CF28 /* TabBarController.swift */,
				50EE1D8D246BF24600C4CF28 /* NaviController.swift */,
				5075473724777343002C00A9 /* WebViewController.swift */,
				508521B6246E386C004DC6B4 /* SegmentMainController.swift */,
				50EE1DD9246D255000C4CF28 /* BaseView */,
			);
			path = Main;
			sourceTree = "<group>";
		};
		50EE1D90246BF31900C4CF28 /* Common */ = {
			isa = PBXGroup;
			children = (
				503CBE11247239AE009FA12D /* LLCycleScrollView */,
				50EE1D91246BF35300C4CF28 /* CollectionViewLayout */,
				50EE1DA8246BF35300C4CF28 /* EmptyDataSet */,
				50EE1D9E246BF35300C4CF28 /* Extension */,
				50EE1D96246BF35300C4CF28 /* HairPowder */,
				50EE1D94246BF35300C4CF28 /* NoticeBar */,
				50EE1D98246BF35300C4CF28 /* ParallaxHeader */,
				50EE1D9C246BF35300C4CF28 /* Refresh */,
			);
			path = Common;
			sourceTree = "<group>";
		};
		50EE1D91246BF35300C4CF28 /* CollectionViewLayout */ = {
			isa = PBXGroup;
			children = (
				50EE1D92246BF35300C4CF28 /* UCollectionViewAlignedLayout.swift */,
				50EE1D93246BF35300C4CF28 /* UCollectionViewSectionBackgroundLayout.swift */,
			);
			path = CollectionViewLayout;
			sourceTree = "<group>";
		};
		50EE1D94246BF35300C4CF28 /* NoticeBar */ = {
			isa = PBXGroup;
			children = (
				50EE1D95246BF35300C4CF28 /* UNoticeBar.swift */,
			);
			path = NoticeBar;
			sourceTree = "<group>";
		};
		50EE1D96246BF35300C4CF28 /* HairPowder */ = {
			isa = PBXGroup;
			children = (
				50EE1D97246BF35300C4CF28 /* UHairPowder.swift */,
			);
			path = HairPowder;
			sourceTree = "<group>";
		};
		50EE1D98246BF35300C4CF28 /* ParallaxHeader */ = {
			isa = PBXGroup;
			children = (
				50EE1D99246BF35300C4CF28 /* ParallaxHeaderMode.swift */,
				50EE1D9A246BF35300C4CF28 /* UIScrollView+ParallaxHeader.swift */,
				50EE1D9B246BF35300C4CF28 /* ParallaxHeader.swift */,
			);
			path = ParallaxHeader;
			sourceTree = "<group>";
		};
		50EE1D9C246BF35300C4CF28 /* Refresh */ = {
			isa = PBXGroup;
			children = (
				50EE1D9D246BF35300C4CF28 /* URefresh.swift */,
			);
			path = Refresh;
			sourceTree = "<group>";
		};
		50EE1D9E246BF35300C4CF28 /* Extension */ = {
			isa = PBXGroup;
			children = (
				50EE1D9F246BF35300C4CF28 /* ArrayExtensions.swift */,
				50EE1DA0246BF35300C4CF28 /* UIColorExtension.swift */,
				50EE1DA1246BF35300C4CF28 /* UIViewExtension.swift */,
				50EE1DA2246BF35300C4CF28 /* UIBarButtonItemExtension.swift */,
				50EE1DA3246BF35300C4CF28 /* UIDeviceExtension.swift */,
				50EE1DA4246BF35300C4CF28 /* UIImageExtensions.swift */,
				50EE1DA5246BF35300C4CF28 /* DispatchQueueExtension.swift */,
				50EE1DA6246BF35300C4CF28 /* StringExtension.swift */,
				50EE1DA7246BF35300C4CF28 /* DictionaryExtension.swift */,
			);
			path = Extension;
			sourceTree = "<group>";
		};
		50EE1DA8246BF35300C4CF28 /* EmptyDataSet */ = {
			isa = PBXGroup;
			children = (
				50EE1DA9246BF35300C4CF28 /* UEmptyDataSet.swift */,
			);
			path = EmptyDataSet;
			sourceTree = "<group>";
		};
		50EE1DBC246CD3B400C4CF28 /* Home */ = {
			isa = PBXGroup;
			children = (
				50EE1DC0246CD46A00C4CF28 /* HomeVC.swift */,
				503CBE2A24728A19009FA12D /* ComicIntro(漫画介绍) */,
				508521C4246E48C4004DC6B4 /* View */,
			);
			path = Home;
			sourceTree = "<group>";
		};
		50EE1DBD246CD3C400C4CF28 /* Community */ = {
			isa = PBXGroup;
			children = (
				50C3B28E246D494300D65162 /* CommunityVC.swift */,
			);
			path = Community;
			sourceTree = "<group>";
		};
		50EE1DBE246CD3E400C4CF28 /* Bookrack */ = {
			isa = PBXGroup;
			children = (
				50EE1DC4246CD4A100C4CF28 /* BookrackVC.swift */,
				508521BB246E3A13004DC6B4 /* 下载 */,
				508521BA246E3A0F004DC6B4 /* 历史 */,
				508521B9246E3A08004DC6B4 /* 书单 */,
				508521B8246E39FC004DC6B4 /* 收藏 */,
			);
			path = Bookrack;
			sourceTree = "<group>";
		};
		50EE1DBF246CD41500C4CF28 /* Mine */ = {
			isa = PBXGroup;
			children = (
				50EE1DC6246CD4AA00C4CF28 /* MineVC.swift */,
				50EE1DD6246D229400C4CF28 /* View */,
			);
			path = Mine;
			sourceTree = "<group>";
		};
		50EE1DD0246CEC0000C4CF28 /* API */ = {
			isa = PBXGroup;
			children = (
				50EE1DD1246CEC1300C4CF28 /* API.swift */,
			);
			path = API;
			sourceTree = "<group>";
		};
		50EE1DD3246CEC4E00C4CF28 /* Model */ = {
			isa = PBXGroup;
			children = (
				50EE1DD4246CEC6400C4CF28 /* Model.swift */,
			);
			path = Model;
			sourceTree = "<group>";
		};
		50EE1DD6246D229400C4CF28 /* View */ = {
			isa = PBXGroup;
			children = (
				50EE1DD7246D22A800C4CF28 /* MineHeaderView.swift */,
				50EE1DDC246D25E900C4CF28 /* MineCollectionViewCell.swift */,
			);
			path = View;
			sourceTree = "<group>";
		};
		50EE1DD9246D255000C4CF28 /* BaseView */ = {
			isa = PBXGroup;
			children = (
				504EFC2A246E73E500EB46C9 /* BaseTableViewCell.swift */,
				504EFC2E246E747D00EB46C9 /* BaseCollectionReusableView.swift */,
				50EE1DDA246D257A00C4CF28 /* BaseCollectionViewCell.swift */,
				504EFC2C246E73E900EB46C9 /* BaseTableViewHeaderFooterView.swift */,
			);
			path = BaseView;
			sourceTree = "<group>";
		};
		50EE263B247B69BD00F1979D /* 阅读漫画 */ = {
			isa = PBXGroup;
			children = (
				50EE2645247B6C9A00F1979D /* ReadComicVC.swift */,
				50EE263C247B69CD00F1979D /* View */,
			);
			path = "阅读漫画";
			sourceTree = "<group>";
		};
		50EE263C247B69CD00F1979D /* View */ = {
			isa = PBXGroup;
			children = (
				50EE263D247B69E900F1979D /* ReadTopBarView.swift */,
				50EE263F247B6A0200F1979D /* ReadBottomBarView.swift */,
				50EE2641247B6BE700F1979D /* ReadCollectionViewCell.swift */,
			);
			path = View;
			sourceTree = "<group>";
		};
		71A42435EA1920D41F134FEB /* Frameworks */ = {
			isa = PBXGroup;
			children = (
				D896B883C482121C4CF9E938 /* Pods_U17.framework */,
			);
			name = Frameworks;
			sourceTree = "<group>";
		};
		F1C6BA53C3EF72F572315142 /* Pods */ = {
			isa = PBXGroup;
			children = (
				5B2E227A6DD40033F5054274 /* Pods-U17.debug.xcconfig */,
				B77712A9EC93EA7002B814F1 /* Pods-U17.release.xcconfig */,
			);
			path = Pods;
			sourceTree = "<group>";
		};
/* End PBXGroup section */

/* Begin PBXNativeTarget section */
		50EE1D70246BEC7100C4CF28 /* U17 */ = {
			isa = PBXNativeTarget;
			buildConfigurationList = 50EE1D85246BEC7300C4CF28 /* Build configuration list for PBXNativeTarget "U17" */;
			buildPhases = (
				41A67553210DBCF6927DC88D /* [CP] Check Pods Manifest.lock */,
				50EE1D6D246BEC7100C4CF28 /* Sources */,
				50EE1D6E246BEC7100C4CF28 /* Frameworks */,
				50EE1D6F246BEC7100C4CF28 /* Resources */,
				76F4CDE0D1E39C4D7E0292F7 /* [CP] Embed Pods Frameworks */,
			);
			buildRules = (
			);
			dependencies = (
			);
			name = U17;
			productName = U17;
			productReference = 50EE1D71246BEC7100C4CF28 /* U17.app */;
			productType = "com.apple.product-type.application";
		};
/* End PBXNativeTarget section */

/* Begin PBXProject section */
		50EE1D69246BEC7100C4CF28 /* Project object */ = {
			isa = PBXProject;
			attributes = {
				LastSwiftUpdateCheck = 1140;
				LastUpgradeCheck = 1140;
				ORGANIZATIONNAME = "胡智钦";
				TargetAttributes = {
					50EE1D70246BEC7100C4CF28 = {
						CreatedOnToolsVersion = 11.4.1;
					};
				};
			};
			buildConfigurationList = 50EE1D6C246BEC7100C4CF28 /* Build configuration list for PBXProject "U17" */;
			compatibilityVersion = "Xcode 9.3";
			developmentRegion = en;
			hasScannedForEncodings = 0;
			knownRegions = (
				en,
				Base,
			);
			mainGroup = 50EE1D68246BEC7100C4CF28;
			productRefGroup = 50EE1D72246BEC7100C4CF28 /* Products */;
			projectDirPath = "";
			projectRoot = "";
			targets = (
				50EE1D70246BEC7100C4CF28 /* U17 */,
			);
		};
/* End PBXProject section */

/* Begin PBXResourcesBuildPhase section */
		50EE1D6F246BEC7100C4CF28 /* Resources */ = {
			isa = PBXResourcesBuildPhase;
			buildActionMask = 2147483647;
			files = (
				503CBE27247239AE009FA12D /* LLCycleScrollView.bundle in Resources */,
				50754744247786C0002C00A9 /* AllChapterVC.storyboard in Resources */,
				50EE1DCB246CD98600C4CF28 /* Main.storyboard in Resources */,
				503CBE2E24728A9B009FA12D /* ComicIntroVC.storyboard in Resources */,
				50EE1D81246BEC7300C4CF28 /* LaunchScreen.storyboard in Resources */,
				503CBE1F247239AE009FA12D /* README.md in Resources */,
				503CBE1E247239AE009FA12D /* LICENSE in Resources */,
				50EE1D7E246BEC7300C4CF28 /* Assets.xcassets in Resources */,
				5075474A2477BE3B002C00A9 /* ChapterCell.xib in Resources */,
			);
			runOnlyForDeploymentPostprocessing = 0;
		};
/* End PBXResourcesBuildPhase section */

/* Begin PBXShellScriptBuildPhase section */
		41A67553210DBCF6927DC88D /* [CP] Check Pods Manifest.lock */ = {
			isa = PBXShellScriptBuildPhase;
			buildActionMask = 2147483647;
			files = (
			);
			inputFileListPaths = (
			);
			inputPaths = (
				"${PODS_PODFILE_DIR_PATH}/Podfile.lock",
				"${PODS_ROOT}/Manifest.lock",
			);
			name = "[CP] Check Pods Manifest.lock";
			outputFileListPaths = (
			);
			outputPaths = (
				"$(DERIVED_FILE_DIR)/Pods-U17-checkManifestLockResult.txt",
			);
			runOnlyForDeploymentPostprocessing = 0;
			shellPath = /bin/sh;
			shellScript = "diff \"${PODS_PODFILE_DIR_PATH}/Podfile.lock\" \"${PODS_ROOT}/Manifest.lock\" > /dev/null\nif [ $? != 0 ] ; then\n    # print error to STDERR\n    echo \"error: The sandbox is not in sync with the Podfile.lock. Run 'pod install' or update your CocoaPods installation.\" >&2\n    exit 1\nfi\n# This output is used by Xcode 'outputs' to avoid re-running this script phase.\necho \"SUCCESS\" > \"${SCRIPT_OUTPUT_FILE_0}\"\n";
			showEnvVarsInLog = 0;
		};
		76F4CDE0D1E39C4D7E0292F7 /* [CP] Embed Pods Frameworks */ = {
			isa = PBXShellScriptBuildPhase;
			buildActionMask = 2147483647;
			files = (
			);
			inputFileListPaths = (
				"${PODS_ROOT}/Target Support Files/Pods-U17/Pods-U17-frameworks-${CONFIGURATION}-input-files.xcfilelist",
			);
			name = "[CP] Embed Pods Frameworks";
			outputFileListPaths = (
				"${PODS_ROOT}/Target Support Files/Pods-U17/Pods-U17-frameworks-${CONFIGURATION}-output-files.xcfilelist",
			);
			runOnlyForDeploymentPostprocessing = 0;
			shellPath = /bin/sh;
			shellScript = "\"${PODS_ROOT}/Target Support Files/Pods-U17/Pods-U17-frameworks.sh\"\n";
			showEnvVarsInLog = 0;
		};
/* End PBXShellScriptBuildPhase section */

/* Begin PBXSourcesBuildPhase section */
		50EE1D6D246BEC7100C4CF28 /* Sources */ = {
			isa = PBXSourcesBuildPhase;
			buildActionMask = 2147483647;
			files = (
				50EE2640247B6A0200F1979D /* ReadBottomBarView.swift in Sources */,
				508521C3246E3A6C004DC6B4 /* DownloadVC.swift in Sources */,
				50EE1DC5246CD4A100C4CF28 /* BookrackVC.swift in Sources */,
				50EE263E247B69E900F1979D /* ReadTopBarView.swift in Sources */,
				504EFC2B246E73E500EB46C9 /* BaseTableViewCell.swift in Sources */,
				50EE1DB5246BF35300C4CF28 /* UIBarButtonItemExtension.swift in Sources */,
				508521B7246E386C004DC6B4 /* SegmentMainController.swift in Sources */,
				503CBE23247239AE009FA12D /* LLSnakePageControl.swift in Sources */,
				504EFC2D246E73EA00EB46C9 /* BaseTableViewHeaderFooterView.swift in Sources */,
				508521BF246E3A44004DC6B4 /* BookListVC.swift in Sources */,
				50EE1DCF246CE84E00C4CF28 /* BaseController.swift in Sources */,
				508521C7246E48CB004DC6B4 /* BoardCollectionViewCell.swift in Sources */,
				508521C1246E3A58004DC6B4 /* ReadHistoryVC.swift in Sources */,
				50EE1DB7246BF35300C4CF28 /* UIImageExtensions.swift in Sources */,
				50EE1DDD246D25E900C4CF28 /* MineCollectionViewCell.swift in Sources */,
				50EE1D8B246BEDB000C4CF28 /* TabBarController.swift in Sources */,
				503CBE2924724CDE009FA12D /* FindNavView.swift in Sources */,
				50EE1DB6246BF35300C4CF28 /* UIDeviceExtension.swift in Sources */,
				50EE1DBB246BF35300C4CF28 /* UEmptyDataSet.swift in Sources */,
				507547462477873A002C00A9 /* ChapterCell.swift in Sources */,
				50EE1DBA246BF35300C4CF28 /* DictionaryExtension.swift in Sources */,
				50EE1DB3246BF35300C4CF28 /* UIColorExtension.swift in Sources */,
				5075473824777343002C00A9 /* WebViewController.swift in Sources */,
				50EE1D75246BEC7100C4CF28 /* AppDelegate.swift in Sources */,
				504EFC28246E737800EB46C9 /* ComicCollectionHeaderView.swift in Sources */,
				50EE1DC1246CD46A00C4CF28 /* HomeVC.swift in Sources */,
				503CBE22247239AE009FA12D /* LLCycleScrollView.swift in Sources */,
				503CBE24247239AE009FA12D /* LLCycleScrollViewCell.swift in Sources */,
				503CBE20247239AE009FA12D /* LLViewExtensions.swift in Sources */,
				50EE1DAF246BF35300C4CF28 /* UIScrollView+ParallaxHeader.swift in Sources */,
				50EE1DB9246BF35300C4CF28 /* StringExtension.swift in Sources */,
				50EE1DAA246BF35300C4CF28 /* UCollectionViewAlignedLayout.swift in Sources */,
				50C3B28F246D494300D65162 /* CommunityVC.swift in Sources */,
				50EE1DD2246CEC1300C4CF28 /* API.swift in Sources */,
				50EE1DD5246CEC6400C4CF28 /* Model.swift in Sources */,
				503CBE2C24728A6A009FA12D /* ComicIntroVC.swift in Sources */,
				50EE1DB4246BF35300C4CF28 /* UIViewExtension.swift in Sources */,
				50EE1DAD246BF35300C4CF28 /* UHairPowder.swift in Sources */,
				50EE1DB1246BF35300C4CF28 /* URefresh.swift in Sources */,
				50EE1DAB246BF35300C4CF28 /* UCollectionViewSectionBackgroundLayout.swift in Sources */,
				507547422477869A002C00A9 /* AllChapterVC.swift in Sources */,
				5074F826247685BB00AF4427 /* OtherWorksCollectionViewCell.swift in Sources */,
				50EE1DAE246BF35300C4CF28 /* ParallaxHeaderMode.swift in Sources */,
				50EE1DB2246BF35300C4CF28 /* ArrayExtensions.swift in Sources */,
				50EE2646247B6C9A00F1979D /* ReadComicVC.swift in Sources */,
				50EE1DC7246CD4AA00C4CF28 /* MineVC.swift in Sources */,
				503CBE21247239AE009FA12D /* LLPillPageControl.swift in Sources */,
				5074F822247678E400AF4427 /* AuthorComicListVC.swift in Sources */,
				50EE1DCD246CD9A400C4CF28 /* ViewController.swift in Sources */,
				50EE1DDB246D257A00C4CF28 /* BaseCollectionViewCell.swift in Sources */,
				508521C8246E48CB004DC6B4 /* ComicCollectionViewCell.swift in Sources */,
				50EE1DD8246D22A800C4CF28 /* MineHeaderView.swift in Sources */,
				50EE1DB0246BF35300C4CF28 /* ParallaxHeader.swift in Sources */,
				50EE1DB8246BF35300C4CF28 /* DispatchQueueExtension.swift in Sources */,
				503CBE26247239AE009FA12D /* LLImagePageControl.swift in Sources */,
				504EFC29246E737800EB46C9 /* ComicCollectionFooterView.swift in Sources */,
				508521BD246E3A2C004DC6B4 /* BookCollectionVC.swift in Sources */,
				504EFC2F246E747E00EB46C9 /* BaseCollectionReusableView.swift in Sources */,
				50EE1D8E246BF24600C4CF28 /* NaviController.swift in Sources */,
				50EE1DAC246BF35300C4CF28 /* UNoticeBar.swift in Sources */,
				50EE1DC9246CD6D700C4CF28 /* Global.swift in Sources */,
				50EE2642247B6BE700F1979D /* ReadCollectionViewCell.swift in Sources */,
				503CBE25247239AE009FA12D /* LLFilledPageControl.swift in Sources */,
			);
			runOnlyForDeploymentPostprocessing = 0;
		};
/* End PBXSourcesBuildPhase section */

/* Begin PBXVariantGroup section */
		50EE1D7F246BEC7300C4CF28 /* LaunchScreen.storyboard */ = {
			isa = PBXVariantGroup;
			children = (
				50EE1D80246BEC7300C4CF28 /* Base */,
			);
			name = LaunchScreen.storyboard;
			sourceTree = "<group>";
		};
/* End PBXVariantGroup section */

/* Begin XCBuildConfiguration section */
		50EE1D83246BEC7300C4CF28 /* Debug */ = {
			isa = XCBuildConfiguration;
			buildSettings = {
				ALWAYS_SEARCH_USER_PATHS = NO;
				CLANG_ANALYZER_NONNULL = YES;
				CLANG_ANALYZER_NUMBER_OBJECT_CONVERSION = YES_AGGRESSIVE;
				CLANG_CXX_LANGUAGE_STANDARD = "gnu++14";
				CLANG_CXX_LIBRARY = "libc++";
				CLANG_ENABLE_MODULES = YES;
				CLANG_ENABLE_OBJC_ARC = YES;
				CLANG_ENABLE_OBJC_WEAK = YES;
				CLANG_WARN_BLOCK_CAPTURE_AUTORELEASING = YES;
				CLANG_WARN_BOOL_CONVERSION = YES;
				CLANG_WARN_COMMA = YES;
				CLANG_WARN_CONSTANT_CONVERSION = YES;
				CLANG_WARN_DEPRECATED_OBJC_IMPLEMENTATIONS = YES;
				CLANG_WARN_DIRECT_OBJC_ISA_USAGE = YES_ERROR;
				CLANG_WARN_DOCUMENTATION_COMMENTS = YES;
				CLANG_WARN_EMPTY_BODY = YES;
				CLANG_WARN_ENUM_CONVERSION = YES;
				CLANG_WARN_INFINITE_RECURSION = YES;
				CLANG_WARN_INT_CONVERSION = YES;
				CLANG_WARN_NON_LITERAL_NULL_CONVERSION = YES;
				CLANG_WARN_OBJC_IMPLICIT_RETAIN_SELF = YES;
				CLANG_WARN_OBJC_LITERAL_CONVERSION = YES;
				CLANG_WARN_OBJC_ROOT_CLASS = YES_ERROR;
				CLANG_WARN_RANGE_LOOP_ANALYSIS = YES;
				CLANG_WARN_STRICT_PROTOTYPES = YES;
				CLANG_WARN_SUSPICIOUS_MOVE = YES;
				CLANG_WARN_UNGUARDED_AVAILABILITY = YES_AGGRESSIVE;
				CLANG_WARN_UNREACHABLE_CODE = YES;
				CLANG_WARN__DUPLICATE_METHOD_MATCH = YES;
				COPY_PHASE_STRIP = NO;
				DEBUG_INFORMATION_FORMAT = dwarf;
				ENABLE_STRICT_OBJC_MSGSEND = YES;
				ENABLE_TESTABILITY = YES;
				GCC_C_LANGUAGE_STANDARD = gnu11;
				GCC_DYNAMIC_NO_PIC = NO;
				GCC_NO_COMMON_BLOCKS = YES;
				GCC_OPTIMIZATION_LEVEL = 0;
				GCC_PREPROCESSOR_DEFINITIONS = (
					"DEBUG=1",
					"$(inherited)",
				);
				GCC_WARN_64_TO_32_BIT_CONVERSION = YES;
				GCC_WARN_ABOUT_RETURN_TYPE = YES_ERROR;
				GCC_WARN_UNDECLARED_SELECTOR = YES;
				GCC_WARN_UNINITIALIZED_AUTOS = YES_AGGRESSIVE;
				GCC_WARN_UNUSED_FUNCTION = YES;
				GCC_WARN_UNUSED_VARIABLE = YES;
				IPHONEOS_DEPLOYMENT_TARGET = 13.4;
				MTL_ENABLE_DEBUG_INFO = INCLUDE_SOURCE;
				MTL_FAST_MATH = YES;
				ONLY_ACTIVE_ARCH = YES;
				SDKROOT = iphoneos;
				SWIFT_ACTIVE_COMPILATION_CONDITIONS = DEBUG;
				SWIFT_OPTIMIZATION_LEVEL = "-Onone";
			};
			name = Debug;
		};
		50EE1D84246BEC7300C4CF28 /* Release */ = {
			isa = XCBuildConfiguration;
			buildSettings = {
				ALWAYS_SEARCH_USER_PATHS = NO;
				CLANG_ANALYZER_NONNULL = YES;
				CLANG_ANALYZER_NUMBER_OBJECT_CONVERSION = YES_AGGRESSIVE;
				CLANG_CXX_LANGUAGE_STANDARD = "gnu++14";
				CLANG_CXX_LIBRARY = "libc++";
				CLANG_ENABLE_MODULES = YES;
				CLANG_ENABLE_OBJC_ARC = YES;
				CLANG_ENABLE_OBJC_WEAK = YES;
				CLANG_WARN_BLOCK_CAPTURE_AUTORELEASING = YES;
				CLANG_WARN_BOOL_CONVERSION = YES;
				CLANG_WARN_COMMA = YES;
				CLANG_WARN_CONSTANT_CONVERSION = YES;
				CLANG_WARN_DEPRECATED_OBJC_IMPLEMENTATIONS = YES;
				CLANG_WARN_DIRECT_OBJC_ISA_USAGE = YES_ERROR;
				CLANG_WARN_DOCUMENTATION_COMMENTS = YES;
				CLANG_WARN_EMPTY_BODY = YES;
				CLANG_WARN_ENUM_CONVERSION = YES;
				CLANG_WARN_INFINITE_RECURSION = YES;
				CLANG_WARN_INT_CONVERSION = YES;
				CLANG_WARN_NON_LITERAL_NULL_CONVERSION = YES;
				CLANG_WARN_OBJC_IMPLICIT_RETAIN_SELF = YES;
				CLANG_WARN_OBJC_LITERAL_CONVERSION = YES;
				CLANG_WARN_OBJC_ROOT_CLASS = YES_ERROR;
				CLANG_WARN_RANGE_LOOP_ANALYSIS = YES;
				CLANG_WARN_STRICT_PROTOTYPES = YES;
				CLANG_WARN_SUSPICIOUS_MOVE = YES;
				CLANG_WARN_UNGUARDED_AVAILABILITY = YES_AGGRESSIVE;
				CLANG_WARN_UNREACHABLE_CODE = YES;
				CLANG_WARN__DUPLICATE_METHOD_MATCH = YES;
				COPY_PHASE_STRIP = NO;
				DEBUG_INFORMATION_FORMAT = "dwarf-with-dsym";
				ENABLE_NS_ASSERTIONS = NO;
				ENABLE_STRICT_OBJC_MSGSEND = YES;
				GCC_C_LANGUAGE_STANDARD = gnu11;
				GCC_NO_COMMON_BLOCKS = YES;
				GCC_WARN_64_TO_32_BIT_CONVERSION = YES;
				GCC_WARN_ABOUT_RETURN_TYPE = YES_ERROR;
				GCC_WARN_UNDECLARED_SELECTOR = YES;
				GCC_WARN_UNINITIALIZED_AUTOS = YES_AGGRESSIVE;
				GCC_WARN_UNUSED_FUNCTION = YES;
				GCC_WARN_UNUSED_VARIABLE = YES;
				IPHONEOS_DEPLOYMENT_TARGET = 13.4;
				MTL_ENABLE_DEBUG_INFO = NO;
				MTL_FAST_MATH = YES;
				SDKROOT = iphoneos;
				SWIFT_COMPILATION_MODE = wholemodule;
				SWIFT_OPTIMIZATION_LEVEL = "-O";
				VALIDATE_PRODUCT = YES;
			};
			name = Release;
		};
		50EE1D86246BEC7300C4CF28 /* Debug */ = {
			isa = XCBuildConfiguration;
			baseConfigurationReference = 5B2E227A6DD40033F5054274 /* Pods-U17.debug.xcconfig */;
			buildSettings = {
				ASSETCATALOG_COMPILER_APPICON_NAME = AppIcon;
				CODE_SIGN_STYLE = Automatic;
				DEVELOPMENT_TEAM = 7BR642697A;
				INFOPLIST_FILE = U17/Info.plist;
				IPHONEOS_DEPLOYMENT_TARGET = 9.0;
				LD_RUNPATH_SEARCH_PATHS = (
					"$(inherited)",
					"@executable_path/Frameworks",
				);
				PRODUCT_BUNDLE_IDENTIFIER = com.U17;
				PRODUCT_NAME = "$(TARGET_NAME)";
				SWIFT_VERSION = 5.0;
				TARGETED_DEVICE_FAMILY = 1;
			};
			name = Debug;
		};
		50EE1D87246BEC7300C4CF28 /* Release */ = {
			isa = XCBuildConfiguration;
			baseConfigurationReference = B77712A9EC93EA7002B814F1 /* Pods-U17.release.xcconfig */;
			buildSettings = {
				ASSETCATALOG_COMPILER_APPICON_NAME = AppIcon;
				CODE_SIGN_STYLE = Automatic;
				DEVELOPMENT_TEAM = 7BR642697A;
				INFOPLIST_FILE = U17/Info.plist;
				IPHONEOS_DEPLOYMENT_TARGET = 9.0;
				LD_RUNPATH_SEARCH_PATHS = (
					"$(inherited)",
					"@executable_path/Frameworks",
				);
				PRODUCT_BUNDLE_IDENTIFIER = com.U17;
				PRODUCT_NAME = "$(TARGET_NAME)";
				SWIFT_VERSION = 5.0;
				TARGETED_DEVICE_FAMILY = 1;
			};
			name = Release;
		};
/* End XCBuildConfiguration section */

/* Begin XCConfigurationList section */
		50EE1D6C246BEC7100C4CF28 /* Build configuration list for PBXProject "U17" */ = {
			isa = XCConfigurationList;
			buildConfigurations = (
				50EE1D83246BEC7300C4CF28 /* Debug */,
				50EE1D84246BEC7300C4CF28 /* Release */,
			);
			defaultConfigurationIsVisible = 0;
			defaultConfigurationName = Release;
		};
		50EE1D85246BEC7300C4CF28 /* Build configuration list for PBXNativeTarget "U17" */ = {
			isa = XCConfigurationList;
			buildConfigurations = (
				50EE1D86246BEC7300C4CF28 /* Debug */,
				50EE1D87246BEC7300C4CF28 /* Release */,
			);
			defaultConfigurationIsVisible = 0;
			defaultConfigurationName = Release;
		};
/* End XCConfigurationList section */
	};
	rootObject = 50EE1D69246BEC7100C4CF28 /* Project object */;
}
